
Microsoft Visual Studio Solution File, Format Version 12.00
# Visual Studio Version 17
VisualStudioVersion = 17.7.34024.191
MinimumVisualStudioVersion = 10.0.40219.1
Project("{8BC9CEB8-8B4A-11D0-8D11-00A0C91BC942}") = "ConsoleApplication9", "ConsoleApplication9\ConsoleApplication9.vcxproj", "{B56BB8A9-1CFD-4E16-9A30-C264A48CB257}"
EndProject
Global
	GlobalSection(SolutionConfigurationPlatforms) = preSolution
		Debug|x64 = Debug|x64
		Debug|x86 = Debug|x86
		Release|x64 = Release|x64
		Release|x86 = Release|x86
	EndGlobalSection
	GlobalSection(ProjectConfigurationPlatforms) = postSolution
		{B56BB8A9-1CFD-4E16-9A30-C264A48CB257}.Debug|x64.ActiveCfg = Debug|x64
		{B56BB8A9-1CFD-4E16-9A30-C264A48CB257}.Debug|x64.Build.0 = Debug|x64
		{B56BB8A9-1CFD-4E16-9A30-C264A48CB257}.Debug|x86.ActiveCfg = Debug|Win32
		{B56BB8A9-1CFD-4E16-9A30-C264A48CB257}.Debug|x86.Build.0 = Debug|Win32
		{B56BB8A9-1CFD-4E16-9A30-C264A48CB257}.Release|x64.ActiveCfg = Release|x64
		{B56BB8A9-1CFD-4E16-9A30-C264A48CB257}.Release|x64.Build.0 = Release|x64
		{B56BB8A9-1CFD-4E16-9A30-C264A48CB257}.Release|x86.ActiveCfg = Release|Win32
		{B56BB8A9-1CFD-4E16-9A30-C264A48CB257}.Release|x86.Build.0 = Release|Win32
	EndGlobalSection
	GlobalSection(SolutionProperties) = preSolution
		HideSolutionNode = FALSE
	EndGlobalSection
	GlobalSection(ExtensibilityGlobals) = postSolution
		SolutionGuid = {ABBD3476-B1D3-4B63-9145-2671D64453C5}
	EndGlobalSection
EndGlobal
